
Microsoft Visual Studio Solution File, Format Version 10.00
# Visual C++ Express 2008
Project("{8BC9CEB8-8B4A-11D0-8D11-00A0C91BC942}") = "wav2hex", "wav2hex.vcproj", "{75C85F9A-24B3-4AFF-8A34-CCA459799565}"
EndProject
Global
	GlobalSection(SolutionConfigurationPlatforms) = preSolution
		Debug|Win32 = Debug|Win32
		Release|Win32 = Release|Win32
	EndGlobalSection
	GlobalSection(ProjectConfigurationPlatforms) = postSolution
		{75C85F9A-24B3-4AFF-8A34-CCA459799565}.Debug|Win32.ActiveCfg = Debug|Win32
		{75C85F9A-24B3-4AFF-8A34-CCA459799565}.Debug|Win32.Build.0 = Debug|Win32
		{75C85F9A-24B3-4AFF-8A34-CCA459799565}.Release|Win32.ActiveCfg = Release|Win32
		{75C85F9A-24B3-4AFF-8A34-CCA459799565}.Release|Win32.Build.0 = Release|Win32
	EndGlobalSection
	GlobalSection(SolutionProperties) = preSolution
		HideSolutionNode = FALSE
	EndGlobalSection
EndGlobal
